Microsoft Visual Studio Solution File, Format Version 12.00
# Visual Studio Version 17
VisualStudioVersion = 17.5.2.0
MinimumVisualStudioVersion = 10.0.40219.1
Project("{2150E333-8FDC-42A3-9474-1A3956D46DE8}") = "OmronFinsLibrary", "OmronFinsLibrary", "{43F9BD55-1B49-E675-31D1-1993C3993FF5}"
EndProject
Project("{FAE04EC0-301F-11D3-BF4B-00C04F79EFBC}") = "OmronFinsLibrary", "OmronFinsLibrary\OmronFinsLibrary\OmronFinsLibrary.csproj", "{F984E405-BC7D-9201-9F0B-31C1CE1F767D}"
EndProject
Global
	GlobalSection(SolutionConfigurationPlatforms) = preSolution
		Debug|Any CPU = Debug|Any CPU
		Release|Any CPU = Release|Any CPU
	EndGlobalSection
	GlobalSection(ProjectConfigurationPlatforms) = postSolution
		{F984E405-BC7D-9201-9F0B-31C1CE1F767D}.Debug|Any CPU.ActiveCfg = Debug|Any CPU
		{F984E405-BC7D-9201-9F0B-31C1CE1F767D}.Debug|Any CPU.Build.0 = Debug|Any CPU
		{F984E405-BC7D-9201-9F0B-31C1CE1F767D}.Release|Any CPU.ActiveCfg = Release|Any CPU
		{F984E405-BC7D-9201-9F0B-31C1CE1F767D}.Release|Any CPU.Build.0 = Release|Any CPU
	EndGlobalSection
	GlobalSection(SolutionProperties) = preSolution
		HideSolutionNode = FALSE
	EndGlobalSection
	GlobalSection(NestedProjects) = preSolution
		{F984E405-BC7D-9201-9F0B-31C1CE1F767D} = {43F9BD55-1B49-E675-31D1-1993C3993FF5}
	EndGlobalSection
	GlobalSection(ExtensibilityGlobals) = postSolution
		SolutionGuid = {BC18969E-2BEF-49C6-B9C6-E9B4DC213AB7}
	EndGlobalSection
EndGlobal
